// !$*UTF8*$!
{
	archiveVersion = 1;
	classes = {
	};
	objectVersion = 46;
	objects = {

/* Begin PBXBuildFile section */
		FE6513321DD5E1AD00B1A905 /* main.m in Sources */ = {isa = PBXBuildFile; fileRef = FE6513311DD5E1AD00B1A905 /* main.m */; };
		FE6513351DD5E1AD00B1A905 /* AppDelegate.m in Sources */ = {isa = PBXBuildFile; fileRef = FE6513341DD5E1AD00B1A905 /* AppDelegate.m */; };
		FE65133B1DD5E1AD00B1A905 /* Main.storyboard in Resources */ = {isa = PBXBuildFile; fileRef = FE6513391DD5E1AD00B1A905 /* Main.storyboard */; };
		FE65133D1DD5E1AD00B1A905 /* Assets.xcassets in Resources */ = {isa = PBXBuildFile; fileRef = FE65133C1DD5E1AD00B1A905 /* Assets.xcassets */; };
		FE6513401DD5E1AD00B1A905 /* LaunchScreen.storyboard in Resources */ = {isa = PBXBuildFile; fileRef = FE65133E1DD5E1AD00B1A905 /* LaunchScreen.storyboard */; };
		FE6513491DD5E2EF00B1A905 /* WLViewController.m in Sources */ = {isa = PBXBuildFile; fileRef = FE6513481DD5E2EF00B1A905 /* WLViewController.m */; };
		FE65134D1DD5FE2300B1A905 /* WLComment.m in Sources */ = {isa = PBXBuildFile; fileRef = FE65134C1DD5FE2300B1A905 /* WLComment.m */; };
		FE6513511DD60A9C00B1A905 /* WLCommentCell.m in Sources */ = {isa = PBXBuildFile; fileRef = FE65134F1DD60A9C00B1A905 /* WLCommentCell.m */; };
		FE6513521DD60A9C00B1A905 /* WLCommentCell.xib in Resources */ = {isa = PBXBuildFile; fileRef = FE6513501DD60A9C00B1A905 /* WLCommentCell.xib */; };
		FEE030EB1DD6DEDC0049C6B7 /* WLHeaderView.m in Sources */ = {isa = PBXBuildFile; fileRef = FEE030EA1DD6DEDC0049C6B7 /* WLHeaderView.m */; };
		FEE031101DD6EFD50049C6B7 /* MKAnnotationView+WebCache.m in Sources */ = {isa = PBXBuildFile; fileRef = FEE030F21DD6EFD50049C6B7 /* MKAnnotationView+WebCache.m */; };
		FEE031111DD6EFD50049C6B7 /* NSData+ImageContentType.m in Sources */ = {isa = PBXBuildFile; fileRef = FEE030F41DD6EFD50049C6B7 /* NSData+ImageContentType.m */; };
		FEE031121DD6EFD50049C6B7 /* SDImageCache.m in Sources */ = {isa = PBXBuildFile; fileRef = FEE030F61DD6EFD50049C6B7 /* SDImageCache.m */; };
		FEE031131DD6EFD50049C6B7 /* SDWebImageCompat.m in Sources */ = {isa = PBXBuildFile; fileRef = FEE030F81DD6EFD50049C6B7 /* SDWebImageCompat.m */; };
		FEE031141DD6EFD50049C6B7 /* SDWebImageDecoder.m in Sources */ = {isa = PBXBuildFile; fileRef = FEE030FA1DD6EFD50049C6B7 /* SDWebImageDecoder.m */; };
		FEE031151DD6EFD50049C6B7 /* SDWebImageDownloader.m in Sources */ = {isa = PBXBuildFile; fileRef = FEE030FC1DD6EFD50049C6B7 /* SDWebImageDownloader.m */; };
		FEE031161DD6EFD50049C6B7 /* SDWebImageDownloaderOperation.m in Sources */ = {isa = PBXBuildFile; fileRef = FEE030FE1DD6EFD50049C6B7 /* SDWebImageDownloaderOperation.m */; };
		FEE031171DD6EFD50049C6B7 /* SDWebImageManager.m in Sources */ = {isa = PBXBuildFile; fileRef = FEE031001DD6EFD50049C6B7 /* SDWebImageManager.m */; };
		FEE031181DD6EFD50049C6B7 /* SDWebImagePrefetcher.m in Sources */ = {isa = PBXBuildFile; fileRef = FEE031031DD6EFD50049C6B7 /* SDWebImagePrefetcher.m */; };
		FEE031191DD6EFD50049C6B7 /* UIButton+WebCache.m in Sources */ = {isa = PBXBuildFile; fileRef = FEE031051DD6EFD50049C6B7 /* UIButton+WebCache.m */; };
		FEE0311A1DD6EFD50049C6B7 /* UIImage+GIF.m in Sources */ = {isa = PBXBuildFile; fileRef = FEE031071DD6EFD50049C6B7 /* UIImage+GIF.m */; };
		FEE0311B1DD6EFD50049C6B7 /* UIImage+MultiFormat.m in Sources */ = {isa = PBXBuildFile; fileRef = FEE031091DD6EFD50049C6B7 /* UIImage+MultiFormat.m */; };
		FEE0311C1DD6EFD50049C6B7 /* UIImage+WebP.m in Sources */ = {isa = PBXBuildFile; fileRef = FEE0310B1DD6EFD50049C6B7 /* UIImage+WebP.m */; };
		FEE0311D1DD6EFD50049C6B7 /* UIImageView+HighlightedWebCache.m in Sources */ = {isa = PBXBuildFile; fileRef = FEE0310D1DD6EFD50049C6B7 /* UIImageView+HighlightedWebCache.m */; };
		FEE0311E1DD6EFD50049C6B7 /* UIImageView+WebCache.m in Sources */ = {isa = PBXBuildFile; fileRef = FEE0310F1DD6EFD50049C6B7 /* UIImageView+WebCache.m */; };
/* End PBXBuildFile section */

/* Begin PBXFileReference section */
		FE65132D1DD5E1AD00B1A905 /* WeiXinFriendDemo.app */ = {isa = PBXFileReference; explicitFileType = wrapper.application; includeInIndex = 0; path = WeiXinFriendDemo.app; sourceTree = BUILT_PRODUCTS_DIR; };
		FE6513311DD5E1AD00B1A905 /* main.m */ = {isa = PBXFileReference; lastKnownFileType = sourcecode.c.objc; path = main.m; sourceTree = "<group>"; };
		FE6513331DD5E1AD00B1A905 /* AppDelegate.h */ = {isa = PBXFileReference; lastKnownFileType = sourcecode.c.h; path = AppDelegate.h; sourceTree = "<group>"; };
		FE6513341DD5E1AD00B1A905 /* AppDelegate.m */ = {isa = PBXFileReference; lastKnownFileType = sourcecode.c.objc; path = AppDelegate.m; sourceTree = "<group>"; };
		FE65133A1DD5E1AD00B1A905 /* Base */ = {isa = PBXFileReference; lastKnownFileType = file.storyboard; name = Base; path = Base.lproj/Main.storyboard; sourceTree = "<group>"; };
		FE65133C1DD5E1AD00B1A905 /* Assets.xcassets */ = {isa = PBXFileReference; lastKnownFileType = folder.assetcatalog; path = Assets.xcassets; sourceTree = "<group>"; };
		FE65133F1DD5E1AD00B1A905 /* Base */ = {isa = PBXFileReference; lastKnownFileType = file.storyboard; name = Base; path = Base.lproj/LaunchScreen.storyboard; sourceTree = "<group>"; };
		FE6513411DD5E1AD00B1A905 /* Info.plist */ = {isa = PBXFileReference; lastKnownFileType = text.plist.xml; path = Info.plist; sourceTree = "<group>"; };
		FE6513471DD5E2EF00B1A905 /* WLViewController.h */ = {isa = PBXFileReference; fileEncoding = 4; lastKnownFileType = sourcecode.c.h; path = WLViewController.h; sourceTree = "<group>"; };
		FE6513481DD5E2EF00B1A905 /* WLViewController.m */ = {isa = PBXFileReference; fileEncoding = 4; lastKnownFileType = sourcecode.c.objc; path = WLViewController.m; sourceTree = "<group>"; };
		FE65134A1DD5F03B00B1A905 /* PrefixHeader.pch */ = {isa = PBXFileReference; lastKnownFileType = sourcecode.c.h; path = PrefixHeader.pch; sourceTree = "<group>"; };
		FE65134B1DD5FE2300B1A905 /* WLComment.h */ = {isa = PBXFileReference; fileEncoding = 4; lastKnownFileType = sourcecode.c.h; path = WLComment.h; sourceTree = "<group>"; };
		FE65134C1DD5FE2300B1A905 /* WLComment.m */ = {isa = PBXFileReference; fileEncoding = 4; lastKnownFileType = sourcecode.c.objc; path = WLComment.m; sourceTree = "<group>"; };
		FE65134E1DD60A9C00B1A905 /* WLCommentCell.h */ = {isa = PBXFileReference; fileEncoding = 4; lastKnownFileType = sourcecode.c.h; path = WLCommentCell.h; sourceTree = "<group>"; };
		FE65134F1DD60A9C00B1A905 /* WLCommentCell.m */ = {isa = PBXFileReference; fileEncoding = 4; lastKnownFileType = sourcecode.c.objc; path = WLCommentCell.m; sourceTree = "<group>"; };
		FE6513501DD60A9C00B1A905 /* WLCommentCell.xib */ = {isa = PBXFileReference; fileEncoding = 4; lastKnownFileType = file.xib; path = WLCommentCell.xib; sourceTree = "<group>"; };
		FEE030E91DD6DEDC0049C6B7 /* WLHeaderView.h */ = {isa = PBXFileReference; fileEncoding = 4; lastKnownFileType = sourcecode.c.h; path = WLHeaderView.h; sourceTree = "<group>"; };
		FEE030EA1DD6DEDC0049C6B7 /* WLHeaderView.m */ = {isa = PBXFileReference; fileEncoding = 4; lastKnownFileType = sourcecode.c.objc; path = WLHeaderView.m; sourceTree = "<group>"; };
		FEE030F11DD6EFD50049C6B7 /* MKAnnotationView+WebCache.h */ = {isa = PBXFileReference; fileEncoding = 4; lastKnownFileType = sourcecode.c.h; path = "MKAnnotationView+WebCache.h"; sourceTree = "<group>"; };
		FEE030F21DD6EFD50049C6B7 /* MKAnnotationView+WebCache.m */ = {isa = PBXFileReference; fileEncoding = 4; lastKnownFileType = sourcecode.c.objc; path = "MKAnnotationView+WebCache.m"; sourceTree = "<group>"; };
		FEE030F31DD6EFD50049C6B7 /* NSData+ImageContentType.h */ = {isa = PBXFileReference; fileEncoding = 4; lastKnownFileType = sourcecode.c.h; path = "NSData+ImageContentType.h"; sourceTree = "<group>"; };
		FEE030F41DD6EFD50049C6B7 /* NSData+ImageContentType.m */ = {isa = PBXFileReference; fileEncoding = 4; lastKnownFileType = sourcecode.c.objc; path = "NSData+ImageContentType.m"; sourceTree = "<group>"; };
		FEE030F51DD6EFD50049C6B7 /* SDImageCache.h */ = {isa = PBXFileReference; fileEncoding = 4; lastKnownFileType = sourcecode.c.h; path = SDImageCache.h; sourceTree = "<group>"; };
		FEE030F61DD6EFD50049C6B7 /* SDImageCache.m */ = {isa = PBXFileReference; fileEncoding = 4; lastKnownFileType = sourcecode.c.objc; path = SDImageCache.m; sourceTree = "<group>"; };
		FEE030F71DD6EFD50049C6B7 /* SDWebImageCompat.h */ = {isa = PBXFileReference; fileEncoding = 4; lastKnownFileType = sourcecode.c.h; path = SDWebImageCompat.h; sourceTree = "<group>"; };
		FEE030F81DD6EFD50049C6B7 /* SDWebImageCompat.m */ = {isa = PBXFileReference; fileEncoding = 4; lastKnownFileType = sourcecode.c.objc; path = SDWebImageCompat.m; sourceTree = "<group>"; };
		FEE030F91DD6EFD50049C6B7 /* SDWebImageDecoder.h */ = {isa = PBXFileReference; fileEncoding = 4; lastKnownFileType = sourcecode.c.h; path = SDWebImageDecoder.h; sourceTree = "<group>"; };
		FEE030FA1DD6EFD50049C6B7 /* SDWebImageDecoder.m */ = {isa = PBXFileReference; fileEncoding = 4; lastKnownFileType = sourcecode.c.objc; path = SDWebImageDecoder.m; sourceTree = "<group>"; };
		FEE030FB1DD6EFD50049C6B7 /* SDWebImageDownloader.h */ = {isa = PBXFileReference; fileEncoding = 4; lastKnownFileType = sourcecode.c.h; path = SDWebImageDownloader.h; sourceTree = "<group>"; };
		FEE030FC1DD6EFD50049C6B7 /* SDWebImageDownloader.m */ = {isa = PBXFileReference; fileEncoding = 4; lastKnownFileType = sourcecode.c.objc; path = SDWebImageDownloader.m; sourceTree = "<group>"; };
		FEE030FD1DD6EFD50049C6B7 /* SDWebImageDownloaderOperation.h */ = {isa = PBXFileReference; fileEncoding = 4; lastKnownFileType = sourcecode.c.h; path = SDWebImageDownloaderOperation.h; sourceTree = "<group>"; };
		FEE030FE1DD6EFD50049C6B7 /* SDWebImageDownloaderOperation.m */ = {isa = PBXFileReference; fileEncoding = 4; lastKnownFileType = sourcecode.c.objc; path = SDWebImageDownloaderOperation.m; sourceTree = "<group>"; };
		FEE030FF1DD6EFD50049C6B7 /* SDWebImageManager.h */ = {isa = PBXFileReference; fileEncoding = 4; lastKnownFileType = sourcecode.c.h; path = SDWebImageManager.h; sourceTree = "<group>"; };
		FEE031001DD6EFD50049C6B7 /* SDWebImageManager.m */ = {isa = PBXFileReference; fileEncoding = 4; lastKnownFileType = sourcecode.c.objc; path = SDWebImageManager.m; sourceTree = "<group>"; };
		FEE031011DD6EFD50049C6B7 /* SDWebImageOperation.h */ = {isa = PBXFileReference; fileEncoding = 4; lastKnownFileType = sourcecode.c.h; path = SDWebImageOperation.h; sourceTree = "<group>"; };
		FEE031021DD6EFD50049C6B7 /* SDWebImagePrefetcher.h */ = {isa = PBXFileReference; fileEncoding = 4; lastKnownFileType = sourcecode.c.h; path = SDWebImagePrefetcher.h; sourceTree = "<group>"; };
		FEE031031DD6EFD50049C6B7 /* SDWebImagePrefetcher.m */ = {isa = PBXFileReference; fileEncoding = 4; lastKnownFileType = sourcecode.c.objc; path = SDWebImagePrefetcher.m; sourceTree = "<group>"; };
		FEE031041DD6EFD50049C6B7 /* UIButton+WebCache.h */ = {isa = PBXFileReference; fileEncoding = 4; lastKnownFileType = sourcecode.c.h; path = "UIButton+WebCache.h"; sourceTree = "<group>"; };
		FEE031051DD6EFD50049C6B7 /* UIButton+WebCache.m */ = {isa = PBXFileReference; fileEncoding = 4; lastKnownFileType = sourcecode.c.objc; path = "UIButton+WebCache.m"; sourceTree = "<group>"; };
		FEE031061DD6EFD50049C6B7 /* UIImage+GIF.h */ = {isa = PBXFileReference; fileEncoding = 4; lastKnownFileType = sourcecode.c.h; path = "UIImage+GIF.h"; sourceTree = "<group>"; };
		FEE031071DD6EFD50049C6B7 /* UIImage+GIF.m */ = {isa = PBXFileReference; fileEncoding = 4; lastKnownFileType = sourcecode.c.objc; path = "UIImage+GIF.m"; sourceTree = "<group>"; };
		FEE031081DD6EFD50049C6B7 /* UIImage+MultiFormat.h */ = {isa = PBXFileReference; fileEncoding = 4; lastKnownFileType = sourcecode.c.h; path = "UIImage+MultiFormat.h"; sourceTree = "<group>"; };
		FEE031091DD6EFD50049C6B7 /* UIImage+MultiFormat.m */ = {isa = PBXFileReference; fileEncoding = 4; lastKnownFileType = sourcecode.c.objc; path = "UIImage+MultiFormat.m"; sourceTree = "<group>"; };
		FEE0310A1DD6EFD50049C6B7 /* UIImage+WebP.h */ = {isa = PBXFileReference; fileEncoding = 4; lastKnownFileType = sourcecode.c.h; path = "UIImage+WebP.h"; sourceTree = "<group>"; };
		FEE0310B1DD6EFD50049C6B7 /* UIImage+WebP.m */ = {isa = PBXFileReference; fileEncoding = 4; lastKnownFileType = sourcecode.c.objc; path = "UIImage+WebP.m"; sourceTree = "<group>"; };
		FEE0310C1DD6EFD50049C6B7 /* UIImageView+HighlightedWebCache.h */ = {isa = PBXFileReference; fileEncoding = 4; lastKnownFileType = sourcecode.c.h; path = "UIImageView+HighlightedWebCache.h"; sourceTree = "<group>"; };
		FEE0310D1DD6EFD50049C6B7 /* UIImageView+HighlightedWebCache.m */ = {isa = PBXFileReference; fileEncoding = 4; lastKnownFileType = sourcecode.c.objc; path = "UIImageView+HighlightedWebCache.m"; sourceTree = "<group>"; };
		FEE0310E1DD6EFD50049C6B7 /* UIImageView+WebCache.h */ = {isa = PBXFileReference; fileEncoding = 4; lastKnownFileType = sourcecode.c.h; path = "UIImageView+WebCache.h"; sourceTree = "<group>"; };
		FEE0310F1DD6EFD50049C6B7 /* UIImageView+WebCache.m */ = {isa = PBXFileReference; fileEncoding = 4; lastKnownFileType = sourcecode.c.objc; path = "UIImageView+WebCache.m"; sourceTree = "<group>"; };
/* End PBXFileReference section */

/* Begin PBXFrameworksBuildPhase section */
		FE65132A1DD5E1AD00B1A905 /* Frameworks */ = {
			isa = PBXFrameworksBuildPhase;
			buildActionMask = 2147483647;
			files = (
			);
			runOnlyForDeploymentPostprocessing = 0;
		};
/* End PBXFrameworksBuildPhase section */

/* Begin PBXGroup section */
		FE6513241DD5E1AD00B1A905 = {
			isa = PBXGroup;
			children = (
				FE65132F1DD5E1AD00B1A905 /* WeiXinFriendDemo */,
				FE65132E1DD5E1AD00B1A905 /* Products */,
			);
			sourceTree = "<group>";
		};
		FE65132E1DD5E1AD00B1A905 /* Products */ = {
			isa = PBXGroup;
			children = (
				FE65132D1DD5E1AD00B1A905 /* WeiXinFriendDemo.app */,
			);
			name = Products;
			sourceTree = "<group>";
		};
		FE65132F1DD5E1AD00B1A905 /* WeiXinFriendDemo */ = {
			isa = PBXGroup;
			children = (
				FEE030F01DD6EFD50049C6B7 /* SDWebImage */,
				FE6513331DD5E1AD00B1A905 /* AppDelegate.h */,
				FE6513341DD5E1AD00B1A905 /* AppDelegate.m */,
				FE6513391DD5E1AD00B1A905 /* Main.storyboard */,
				FE65133C1DD5E1AD00B1A905 /* Assets.xcassets */,
				FE65133E1DD5E1AD00B1A905 /* LaunchScreen.storyboard */,
				FE6513411DD5E1AD00B1A905 /* Info.plist */,
				FE6513301DD5E1AD00B1A905 /* Supporting Files */,
				FE6513471DD5E2EF00B1A905 /* WLViewController.h */,
				FE6513481DD5E2EF00B1A905 /* WLViewController.m */,
				FE65134A1DD5F03B00B1A905 /* PrefixHeader.pch */,
				FE65134B1DD5FE2300B1A905 /* WLComment.h */,
				FE65134C1DD5FE2300B1A905 /* WLComment.m */,
				FE65134E1DD60A9C00B1A905 /* WLCommentCell.h */,
				FE65134F1DD60A9C00B1A905 /* WLCommentCell.m */,
				FE6513501DD60A9C00B1A905 /* WLCommentCell.xib */,
				FEE030E91DD6DEDC0049C6B7 /* WLHeaderView.h */,
				FEE030EA1DD6DEDC0049C6B7 /* WLHeaderView.m */,
			);
			path = WeiXinFriendDemo;
			sourceTree = "<group>";
		};
		FE6513301DD5E1AD00B1A905 /* Supporting Files */ = {
			isa = PBXGroup;
			children = (
				FE6513311DD5E1AD00B1A905 /* main.m */,
			);
			name = "Supporting Files";
			sourceTree = "<group>";
		};
		FEE030F01DD6EFD50049C6B7 /* SDWebImage */ = {
			isa = PBXGroup;
			children = (
				FEE030F11DD6EFD50049C6B7 /* MKAnnotationView+WebCache.h */,
				FEE030F21DD6EFD50049C6B7 /* MKAnnotationView+WebCache.m */,
				FEE030F31DD6EFD50049C6B7 /* NSData+ImageContentType.h */,
				FEE030F41DD6EFD50049C6B7 /* NSData+ImageContentType.m */,
				FEE030F51DD6EFD50049C6B7 /* SDImageCache.h */,
				FEE030F61DD6EFD50049C6B7 /* SDImageCache.m */,
				FEE030F71DD6EFD50049C6B7 /* SDWebImageCompat.h */,
				FEE030F81DD6EFD50049C6B7 /* SDWebImageCompat.m */,
				FEE030F91DD6EFD50049C6B7 /* SDWebImageDecoder.h */,
				FEE030FA1DD6EFD50049C6B7 /* SDWebImageDecoder.m */,
				FEE030FB1DD6EFD50049C6B7 /* SDWebImageDownloader.h */,
				FEE030FC1DD6EFD50049C6B7 /* SDWebImageDownloader.m */,
				FEE030FD1DD6EFD50049C6B7 /* SDWebImageDownloaderOperation.h */,
				FEE030FE1DD6EFD50049C6B7 /* SDWebImageDownloaderOperation.m */,
				FEE030FF1DD6EFD50049C6B7 /* SDWebImageManager.h */,
				FEE031001DD6EFD50049C6B7 /* SDWebImageManager.m */,
				FEE031011DD6EFD50049C6B7 /* SDWebImageOperation.h */,
				FEE031021DD6EFD50049C6B7 /* SDWebImagePrefetcher.h */,
				FEE031031DD6EFD50049C6B7 /* SDWebImagePrefetcher.m */,
				FEE031041DD6EFD50049C6B7 /* UIButton+WebCache.h */,
				FEE031051DD6EFD50049C6B7 /* UIButton+WebCache.m */,
				FEE031061DD6EFD50049C6B7 /* UIImage+GIF.h */,
				FEE031071DD6EFD50049C6B7 /* UIImage+GIF.m */,
				FEE031081DD6EFD50049C6B7 /* UIImage+MultiFormat.h */,
				FEE031091DD6EFD50049C6B7 /* UIImage+MultiFormat.m */,
				FEE0310A1DD6EFD50049C6B7 /* UIImage+WebP.h */,
				FEE0310B1DD6EFD50049C6B7 /* UIImage+WebP.m */,
				FEE0310C1DD6EFD50049C6B7 /* UIImageView+HighlightedWebCache.h */,
				FEE0310D1DD6EFD50049C6B7 /* UIImageView+HighlightedWebCache.m */,
				FEE0310E1DD6EFD50049C6B7 /* UIImageView+WebCache.h */,
				FEE0310F1DD6EFD50049C6B7 /* UIImageView+WebCache.m */,
			);
			path = SDWebImage;
			sourceTree = "<group>";
		};
/* End PBXGroup section */

/* Begin PBXNativeTarget section */
		FE65132C1DD5E1AD00B1A905 /* WeiXinFriendDemo */ = {
			isa = PBXNativeTarget;
			buildConfigurationList = FE6513441DD5E1AD00B1A905 /* Build configuration list for PBXNativeTarget "WeiXinFriendDemo" */;
			buildPhases = (
				FE6513291DD5E1AD00B1A905 /* Sources */,
				FE65132A1DD5E1AD00B1A905 /* Frameworks */,
				FE65132B1DD5E1AD00B1A905 /* Resources */,
			);
			buildRules = (
			);
			dependencies = (
			);
			name = WeiXinFriendDemo;
			productName = WeiXinFriendDemo;
			productReference = FE65132D1DD5E1AD00B1A905 /* WeiXinFriendDemo.app */;
			productType = "com.apple.product-type.application";
		};
/* End PBXNativeTarget section */

/* Begin PBXProject section */
		FE6513251DD5E1AD00B1A905 /* Project object */ = {
			isa = PBXProject;
			attributes = {
				CLASSPREFIX = WL;
				LastUpgradeCheck = 0810;
				ORGANIZATIONNAME = WangLong;
				TargetAttributes = {
					FE65132C1DD5E1AD00B1A905 = {
						CreatedOnToolsVersion = 8.1;
						DevelopmentTeam = PE8RT9TWB9;
						ProvisioningStyle = Automatic;
					};
				};
			};
			buildConfigurationList = FE6513281DD5E1AD00B1A905 /* Build configuration list for PBXProject "WeiXinFriendDemo" */;
			compatibilityVersion = "Xcode 3.2";
			developmentRegion = English;
			hasScannedForEncodings = 0;
			knownRegions = (
				en,
				Base,
			);
			mainGroup = FE6513241DD5E1AD00B1A905;
			productRefGroup = FE65132E1DD5E1AD00B1A905 /* Products */;
			projectDirPath = "";
			projectRoot = "";
			targets = (
				FE65132C1DD5E1AD00B1A905 /* WeiXinFriendDemo */,
			);
		};
/* End PBXProject section */

/* Begin PBXResourcesBuildPhase section */
		FE65132B1DD5E1AD00B1A905 /* Resources */ = {
			isa = PBXResourcesBuildPhase;
			buildActionMask = 2147483647;
			files = (
				FE6513521DD60A9C00B1A905 /* WLCommentCell.xib in Resources */,
				FE6513401DD5E1AD00B1A905 /* LaunchScreen.storyboard in Resources */,
				FE65133D1DD5E1AD00B1A905 /* Assets.xcassets in Resources */,
				FE65133B1DD5E1AD00B1A905 /* Main.storyboard in Resources */,
			);
			runOnlyForDeploymentPostprocessing = 0;
		};
/* End PBXResourcesBuildPhase section */

/* Begin PBXSourcesBuildPhase section */
		FE6513291DD5E1AD00B1A905 /* Sources */ = {
			isa = PBXSourcesBuildPhase;
			buildActionMask = 2147483647;
			files = (
				FE6513351DD5E1AD00B1A905 /* AppDelegate.m in Sources */,
				FEE031171DD6EFD50049C6B7 /* SDWebImageManager.m in Sources */,
				FEE031121DD6EFD50049C6B7 /* SDImageCache.m in Sources */,
				FEE031161DD6EFD50049C6B7 /* SDWebImageDownloaderOperation.m in Sources */,
				FE6513321DD5E1AD00B1A905 /* main.m in Sources */,
				FEE031191DD6EFD50049C6B7 /* UIButton+WebCache.m in Sources */,
				FEE031111DD6EFD50049C6B7 /* NSData+ImageContentType.m in Sources */,
				FEE031181DD6EFD50049C6B7 /* SDWebImagePrefetcher.m in Sources */,
				FEE031151DD6EFD50049C6B7 /* SDWebImageDownloader.m in Sources */,
				FE6513491DD5E2EF00B1A905 /* WLViewController.m in Sources */,
				FEE0311C1DD6EFD50049C6B7 /* UIImage+WebP.m in Sources */,
				FEE0311E1DD6EFD50049C6B7 /* UIImageView+WebCache.m in Sources */,
				FEE031141DD6EFD50049C6B7 /* SDWebImageDecoder.m in Sources */,
				FE6513511DD60A9C00B1A905 /* WLCommentCell.m in Sources */,
				FEE031101DD6EFD50049C6B7 /* MKAnnotationView+WebCache.m in Sources */,
				FEE031131DD6EFD50049C6B7 /* SDWebImageCompat.m in Sources */,
				FEE030EB1DD6DEDC0049C6B7 /* WLHeaderView.m in Sources */,
				FE65134D1DD5FE2300B1A905 /* WLComment.m in Sources */,
				FEE0311B1DD6EFD50049C6B7 /* UIImage+MultiFormat.m in Sources */,
				FEE0311D1DD6EFD50049C6B7 /* UIImageView+HighlightedWebCache.m in Sources */,
				FEE0311A1DD6EFD50049C6B7 /* UIImage+GIF.m in Sources */,
			);
			runOnlyForDeploymentPostprocessing = 0;
		};
/* End PBXSourcesBuildPhase section */

/* Begin PBXVariantGroup section */
		FE6513391DD5E1AD00B1A905 /* Main.storyboard */ = {
			isa = PBXVariantGroup;
			children = (
				FE65133A1DD5E1AD00B1A905 /* Base */,
			);
			name = Main.storyboard;
			sourceTree = "<group>";
		};
		FE65133E1DD5E1AD00B1A905 /* LaunchScreen.storyboard */ = {
			isa = PBXVariantGroup;
			children = (
				FE65133F1DD5E1AD00B1A905 /* Base */,
			);
			name = LaunchScreen.storyboard;
			sourceTree = "<group>";
		};
/* End PBXVariantGroup section */

/* Begin XCBuildConfiguration section */
		FE6513421DD5E1AD00B1A905 /* Debug */ = {
			isa = XCBuildConfiguration;
			buildSettings = {
				ALWAYS_SEARCH_USER_PATHS = NO;
				CLANG_ANALYZER_NONNULL = YES;
				CLANG_CXX_LANGUAGE_STANDARD = "gnu++0x";
				CLANG_CXX_LIBRARY = "libc++";
				CLANG_ENABLE_MODULES = YES;
				CLANG_ENABLE_OBJC_ARC = YES;
				CLANG_WARN_BOOL_CONVERSION = YES;
				CLANG_WARN_CONSTANT_CONVERSION = YES;
				CLANG_WARN_DIRECT_OBJC_ISA_USAGE = YES_ERROR;
				CLANG_WARN_DOCUMENTATION_COMMENTS = YES;
				CLANG_WARN_EMPTY_BODY = YES;
				CLANG_WARN_ENUM_CONVERSION = YES;
				CLANG_WARN_INFINITE_RECURSION = YES;
				CLANG_WARN_INT_CONVERSION = YES;
				CLANG_WARN_OBJC_ROOT_CLASS = YES_ERROR;
				CLANG_WARN_SUSPICIOUS_MOVES = YES;
				CLANG_WARN_UNREACHABLE_CODE = YES;
				CLANG_WARN__DUPLICATE_METHOD_MATCH = YES;
				"CODE_SIGN_IDENTITY[sdk=iphoneos*]" = "iPhone Developer";
				COPY_PHASE_STRIP = NO;
				DEBUG_INFORMATION_FORMAT = dwarf;
				ENABLE_STRICT_OBJC_MSGSEND = YES;
				ENABLE_TESTABILITY = YES;
				GCC_C_LANGUAGE_STANDARD = gnu99;
				GCC_DYNAMIC_NO_PIC = NO;
				GCC_NO_COMMON_BLOCKS = YES;
				GCC_OPTIMIZATION_LEVEL = 0;
				GCC_PREPROCESSOR_DEFINITIONS = (
					"DEBUG=1",
					"$(inherited)",
				);
				GCC_WARN_64_TO_32_BIT_CONVERSION = YES;
				GCC_WARN_ABOUT_RETURN_TYPE = YES_ERROR;
				GCC_WARN_UNDECLARED_SELECTOR = YES;
				GCC_WARN_UNINITIALIZED_AUTOS = YES_AGGRESSIVE;
				GCC_WARN_UNUSED_FUNCTION = YES;
				GCC_WARN_UNUSED_VARIABLE = YES;
				IPHONEOS_DEPLOYMENT_TARGET = 10.1;
				MTL_ENABLE_DEBUG_INFO = YES;
				ONLY_ACTIVE_ARCH = YES;
				SDKROOT = iphoneos;
			};
			name = Debug;
		};
		FE6513431DD5E1AD00B1A905 /* Release */ = {
			isa = XCBuildConfiguration;
			buildSettings = {
				ALWAYS_SEARCH_USER_PATHS = NO;
				CLANG_ANALYZER_NONNULL = YES;
				CLANG_CXX_LANGUAGE_STANDARD = "gnu++0x";
				CLANG_CXX_LIBRARY = "libc++";
				CLANG_ENABLE_MODULES = YES;
				CLANG_ENABLE_OBJC_ARC = YES;
				CLANG_WARN_BOOL_CONVERSION = YES;
				CLANG_WARN_CONSTANT_CONVERSION = YES;
				CLANG_WARN_DIRECT_OBJC_ISA_USAGE = YES_ERROR;
				CLANG_WARN_DOCUMENTATION_COMMENTS = YES;
				CLANG_WARN_EMPTY_BODY = YES;
				CLANG_WARN_ENUM_CONVERSION = YES;
				CLANG_WARN_INFINITE_RECURSION = YES;
				CLANG_WARN_INT_CONVERSION = YES;
				CLANG_WARN_OBJC_ROOT_CLASS = YES_ERROR;
				CLANG_WARN_SUSPICIOUS_MOVES = YES;
				CLANG_WARN_UNREACHABLE_CODE = YES;
				CLANG_WARN__DUPLICATE_METHOD_MATCH = YES;
				"CODE_SIGN_IDENTITY[sdk=iphoneos*]" = "iPhone Developer";
				COPY_PHASE_STRIP = NO;
				DEBUG_INFORMATION_FORMAT = "dwarf-with-dsym";
				ENABLE_NS_ASSERTIONS = NO;
				ENABLE_STRICT_OBJC_MSGSEND = YES;
				GCC_C_LANGUAGE_STANDARD = gnu99;
				GCC_NO_COMMON_BLOCKS = YES;
				GCC_WARN_64_TO_32_BIT_CONVERSION = YES;
				GCC_WARN_ABOUT_RETURN_TYPE = YES_ERROR;
				GCC_WARN_UNDECLARED_SELECTOR = YES;
				GCC_WARN_UNINITIALIZED_AUTOS = YES_AGGRESSIVE;
				GCC_WARN_UNUSED_FUNCTION = YES;
				GCC_WARN_UNUSED_VARIABLE = YES;
				IPHONEOS_DEPLOYMENT_TARGET = 10.1;
				MTL_ENABLE_DEBUG_INFO = NO;
				SDKROOT = iphoneos;
				VALIDATE_PRODUCT = YES;
			};
			name = Release;
		};
		FE6513451DD5E1AD00B1A905 /* Debug */ = {
			isa = XCBuildConfiguration;
			buildSettings = {
				ASSETCATALOG_COMPILER_APPICON_NAME = AppIcon;
				DEVELOPMENT_TEAM = PE8RT9TWB9;
				GCC_PRECOMPILE_PREFIX_HEADER = YES;
				GCC_PREFIX_HEADER = WeiXinFriendDemo/PrefixHeader.pch;
				INFOPLIST_FILE = WeiXinFriendDemo/Info.plist;
				LD_RUNPATH_SEARCH_PATHS = "$(inherited) @executable_path/Frameworks";
				PRODUCT_BUNDLE_IDENTIFIER = com.demo.WeiXinFriendDemo;
				PRODUCT_NAME = "$(TARGET_NAME)";
			};
			name = Debug;
		};
		FE6513461DD5E1AD00B1A905 /* Release */ = {
			isa = XCBuildConfiguration;
			buildSettings = {
				ASSETCATALOG_COMPILER_APPICON_NAME = AppIcon;
				DEVELOPMENT_TEAM = PE8RT9TWB9;
				GCC_PRECOMPILE_PREFIX_HEADER = YES;
				GCC_PREFIX_HEADER = WeiXinFriendDemo/PrefixHeader.pch;
				INFOPLIST_FILE = WeiXinFriendDemo/Info.plist;
				LD_RUNPATH_SEARCH_PATHS = "$(inherited) @executable_path/Frameworks";
				PRODUCT_BUNDLE_IDENTIFIER = com.demo.WeiXinFriendDemo;
				PRODUCT_NAME = "$(TARGET_NAME)";
			};
			name = Release;
		};
/* End XCBuildConfiguration section */

/* Begin XCConfigurationList section */
		FE6513281DD5E1AD00B1A905 /* Build configuration list for PBXProject "WeiXinFriendDemo" */ = {
			isa = XCConfigurationList;
			buildConfigurations = (
				FE6513421DD5E1AD00B1A905 /* Debug */,
				FE6513431DD5E1AD00B1A905 /* Release */,
			);
			defaultConfigurationIsVisible = 0;
			defaultConfigurationName = Release;
		};
		FE6513441DD5E1AD00B1A905 /* Build configuration list for PBXNativeTarget "WeiXinFriendDemo" */ = {
			isa = XCConfigurationList;
			buildConfigurations = (
				FE6513451DD5E1AD00B1A905 /* Debug */,
				FE6513461DD5E1AD00B1A905 /* Release */,
			);
			defaultConfigurationIsVisible = 0;
			defaultConfigurationName = Release;
		};
/* End XCConfigurationList section */
	};
	rootObject = FE6513251DD5E1AD00B1A905 /* Project object */;
}
